// !$*UTF8*$!
{
	archiveVersion = 1;
	classes = {
	};
	objectVersion = 46;
	objects = {

/* Begin PBXBuildFile section */
		CDED29921E65E30C00DE52D5 /* AppDelegate.m in Sources */ = {isa = PBXBuildFile; fileRef = CDED29911E65E30C00DE52D5 /* AppDelegate.m */; };
		CDED29951E65E30C00DE52D5 /* main.m in Sources */ = {isa = PBXBuildFile; fileRef = CDED29941E65E30C00DE52D5 /* main.m */; };
		CDED29981E65E30C00DE52D5 /* Document.m in Sources */ = {isa = PBXBuildFile; fileRef = CDED29971E65E30C00DE52D5 /* Document.m */; };
		CDED299B1E65E30C00DE52D5 /* Document.xib in Resources */ = {isa = PBXBuildFile; fileRef = CDED29991E65E30C00DE52D5 /* Document.xib */; };
		CDED299D1E65E30C00DE52D5 /* Assets.xcassets in Resources */ = {isa = PBXBuildFile; fileRef = CDED299C1E65E30C00DE52D5 /* Assets.xcassets */; };
		CDED29A01E65E30C00DE52D5 /* MainMenu.xib in Resources */ = {isa = PBXBuildFile; fileRef = CDED299E1E65E30C00DE52D5 /* MainMenu.xib */; };
/* End PBXBuildFile section */

/* Begin PBXFileReference section */
		CDED298D1E65E30C00DE52D5 /* TahDoodle.app */ = {isa = PBXFileReference; explicitFileType = wrapper.application; includeInIndex = 0; path = TahDoodle.app; sourceTree = BUILT_PRODUCTS_DIR; };
		CDED29901E65E30C00DE52D5 /* AppDelegate.h */ = {isa = PBXFileReference; lastKnownFileType = sourcecode.c.h; path = AppDelegate.h; sourceTree = "<group>"; };
		CDED29911E65E30C00DE52D5 /* AppDelegate.m */ = {isa = PBXFileReference; lastKnownFileType = sourcecode.c.objc; path = AppDelegate.m; sourceTree = "<group>"; };
		CDED29941E65E30C00DE52D5 /* main.m */ = {isa = PBXFileReference; lastKnownFileType = sourcecode.c.objc; path = main.m; sourceTree = "<group>"; };
		CDED29961E65E30C00DE52D5 /* Document.h */ = {isa = PBXFileReference; lastKnownFileType = sourcecode.c.h; path = Document.h; sourceTree = "<group>"; };
		CDED29971E65E30C00DE52D5 /* Document.m */ = {isa = PBXFileReference; lastKnownFileType = sourcecode.c.objc; path = Document.m; sourceTree = "<group>"; };
		CDED299A1E65E30C00DE52D5 /* Base */ = {isa = PBXFileReference; lastKnownFileType = file.xib; name = Base; path = Base.lproj/Document.xib; sourceTree = "<group>"; };
		CDED299C1E65E30C00DE52D5 /* Assets.xcassets */ = {isa = PBXFileReference; lastKnownFileType = folder.assetcatalog; path = Assets.xcassets; sourceTree = "<group>"; };
		CDED299F1E65E30C00DE52D5 /* Base */ = {isa = PBXFileReference; lastKnownFileType = file.xib; name = Base; path = Base.lproj/MainMenu.xib; sourceTree = "<group>"; };
		CDED29A11E65E30C00DE52D5 /* Info.plist */ = {isa = PBXFileReference; lastKnownFileType = text.plist.xml; path = Info.plist; sourceTree = "<group>"; };
/* End PBXFileReference section */

/* Begin PBXFrameworksBuildPhase section */
		CDED298A1E65E30C00DE52D5 /* Frameworks */ = {
			isa = PBXFrameworksBuildPhase;
			buildActionMask = 2147483647;
			files = (
			);
			runOnlyForDeploymentPostprocessing = 0;
		};
/* End PBXFrameworksBuildPhase section */

/* Begin PBXGroup section */
		CDED29841E65E30C00DE52D5 = {
			isa = PBXGroup;
			children = (
				CDED298F1E65E30C00DE52D5 /* TahDoodle */,
				CDED298E1E65E30C00DE52D5 /* Products */,
			);
			sourceTree = "<group>";
		};
		CDED298E1E65E30C00DE52D5 /* Products */ = {
			isa = PBXGroup;
			children = (
				CDED298D1E65E30C00DE52D5 /* TahDoodle.app */,
			);
			name = Products;
			sourceTree = "<group>";
		};
		CDED298F1E65E30C00DE52D5 /* TahDoodle */ = {
			isa = PBXGroup;
			children = (
				CDED29901E65E30C00DE52D5 /* AppDelegate.h */,
				CDED29911E65E30C00DE52D5 /* AppDelegate.m */,
				CDED29961E65E30C00DE52D5 /* Document.h */,
				CDED29971E65E30C00DE52D5 /* Document.m */,
				CDED29991E65E30C00DE52D5 /* Document.xib */,
				CDED299C1E65E30C00DE52D5 /* Assets.xcassets */,
				CDED299E1E65E30C00DE52D5 /* MainMenu.xib */,
				CDED29A11E65E30C00DE52D5 /* Info.plist */,
				CDED29931E65E30C00DE52D5 /* Supporting Files */,
			);
			path = TahDoodle;
			sourceTree = "<group>";
		};
		CDED29931E65E30C00DE52D5 /* Supporting Files */ = {
			isa = PBXGroup;
			children = (
				CDED29941E65E30C00DE52D5 /* main.m */,
			);
			name = "Supporting Files";
			sourceTree = "<group>";
		};
/* End PBXGroup section */

/* Begin PBXNativeTarget section */
		CDED298C1E65E30C00DE52D5 /* TahDoodle */ = {
			isa = PBXNativeTarget;
			buildConfigurationList = CDED29A41E65E30C00DE52D5 /* Build configuration list for PBXNativeTarget "TahDoodle" */;
			buildPhases = (
				CDED29891E65E30C00DE52D5 /* Sources */,
				CDED298A1E65E30C00DE52D5 /* Frameworks */,
				CDED298B1E65E30C00DE52D5 /* Resources */,
			);
			buildRules = (
			);
			dependencies = (
			);
			name = TahDoodle;
			productName = TahDoodle;
			productReference = CDED298D1E65E30C00DE52D5 /* TahDoodle.app */;
			productType = "com.apple.product-type.application";
		};
/* End PBXNativeTarget section */

/* Begin PBXProject section */
		CDED29851E65E30C00DE52D5 /* Project object */ = {
			isa = PBXProject;
			attributes = {
				LastUpgradeCheck = 0820;
				ORGANIZATIONNAME = "Big Nerd Ranch";
				TargetAttributes = {
					CDED298C1E65E30C00DE52D5 = {
						CreatedOnToolsVersion = 8.2.1;
						ProvisioningStyle = Automatic;
					};
				};
			};
			buildConfigurationList = CDED29881E65E30C00DE52D5 /* Build configuration list for PBXProject "TahDoodle" */;
			compatibilityVersion = "Xcode 3.2";
			developmentRegion = English;
			hasScannedForEncodings = 0;
			knownRegions = (
				en,
				Base,
			);
			mainGroup = CDED29841E65E30C00DE52D5;
			productRefGroup = CDED298E1E65E30C00DE52D5 /* Products */;
			projectDirPath = "";
			projectRoot = "";
			targets = (
				CDED298C1E65E30C00DE52D5 /* TahDoodle */,
			);
		};
/* End PBXProject section */

/* Begin PBXResourcesBuildPhase section */
		CDED298B1E65E30C00DE52D5 /* Resources */ = {
			isa = PBXResourcesBuildPhase;
			buildActionMask = 2147483647;
			files = (
				CDED299D1E65E30C00DE52D5 /* Assets.xcassets in Resources */,
				CDED299B1E65E30C00DE52D5 /* Document.xib in Resources */,
				CDED29A01E65E30C00DE52D5 /* MainMenu.xib in Resources */,
			);
			runOnlyForDeploymentPostprocessing = 0;
		};
/* End PBXResourcesBuildPhase section */

/* Begin PBXSourcesBuildPhase section */
		CDED29891E65E30C00DE52D5 /* Sources */ = {
			isa = PBXSourcesBuildPhase;
			buildActionMask = 2147483647;
			files = (
				CDED29981E65E30C00DE52D5 /* Document.m in Sources */,
				CDED29951E65E30C00DE52D5 /* main.m in Sources */,
				CDED29921E65E30C00DE52D5 /* AppDelegate.m in Sources */,
			);
			runOnlyForDeploymentPostprocessing = 0;
		};
/* End PBXSourcesBuildPhase section */

/* Begin PBXVariantGroup section */
		CDED29991E65E30C00DE52D5 /* Document.xib */ = {
			isa = PBXVariantGroup;
			children = (
				CDED299A1E65E30C00DE52D5 /* Base */,
			);
			name = Document.xib;
			sourceTree = "<group>";
		};
		CDED299E1E65E30C00DE52D5 /* MainMenu.xib */ = {
			isa = PBXVariantGroup;
			children = (
				CDED299F1E65E30C00DE52D5 /* Base */,
			);
			name = MainMenu.xib;
			sourceTree = "<group>";
		};
/* End PBXVariantGroup section */

/* Begin XCBuildConfiguration section */
		CDED29A21E65E30C00DE52D5 /* Debug */ = {
			isa = XCBuildConfiguration;
			buildSettings = {
				ALWAYS_SEARCH_USER_PATHS = NO;
				CLANG_ANALYZER_NONNULL = YES;
				CLANG_CXX_LANGUAGE_STANDARD = "gnu++0x";
				CLANG_CXX_LIBRARY = "libc++";
				CLANG_ENABLE_MODULES = YES;
				CLANG_ENABLE_OBJC_ARC = YES;
				CLANG_WARN_BOOL_CONVERSION = YES;
				CLANG_WARN_CONSTANT_CONVERSION = YES;
				CLANG_WARN_DIRECT_OBJC_ISA_USAGE = YES_ERROR;
				CLANG_WARN_DOCUMENTATION_COMMENTS = YES;
				CLANG_WARN_EMPTY_BODY = YES;
				CLANG_WARN_ENUM_CONVERSION = YES;
				CLANG_WARN_INFINITE_RECURSION = YES;
				CLANG_WARN_INT_CONVERSION = YES;
				CLANG_WARN_OBJC_ROOT_CLASS = YES_ERROR;
				CLANG_WARN_SUSPICIOUS_MOVE = YES;
				CLANG_WARN_UNREACHABLE_CODE = YES;
				CLANG_WARN__DUPLICATE_METHOD_MATCH = YES;
				CODE_SIGN_IDENTITY = "-";
				COPY_PHASE_STRIP = NO;
				DEBUG_INFORMATION_FORMAT = dwarf;
				ENABLE_STRICT_OBJC_MSGSEND = YES;
				ENABLE_TESTABILITY = YES;
				GCC_C_LANGUAGE_STANDARD = gnu99;
				GCC_DYNAMIC_NO_PIC = NO;
				GCC_NO_COMMON_BLOCKS = YES;
				GCC_OPTIMIZATION_LEVEL = 0;
				GCC_PREPROCESSOR_DEFINITIONS = (
					"DEBUG=1",
					"$(inherited)",
				);
				GCC_WARN_64_TO_32_BIT_CONVERSION = YES;
				GCC_WARN_ABOUT_RETURN_TYPE = YES_ERROR;
				GCC_WARN_UNDECLARED_SELECTOR = YES;
				GCC_WARN_UNINITIALIZED_AUTOS = YES_AGGRESSIVE;
				GCC_WARN_UNUSED_FUNCTION = YES;
				GCC_WARN_UNUSED_VARIABLE = YES;
				MACOSX_DEPLOYMENT_TARGET = 10.12;
				MTL_ENABLE_DEBUG_INFO = YES;
				ONLY_ACTIVE_ARCH = YES;
				SDKROOT = macosx;
			};
			name = Debug;
		};
		CDED29A31E65E30C00DE52D5 /* Release */ = {
			isa = XCBuildConfiguration;
			buildSettings = {
				ALWAYS_SEARCH_USER_PATHS = NO;
				CLANG_ANALYZER_NONNULL = YES;
				CLANG_CXX_LANGUAGE_STANDARD = "gnu++0x";
				CLANG_CXX_LIBRARY = "libc++";
				CLANG_ENABLE_MODULES = YES;
				CLANG_ENABLE_OBJC_ARC = YES;
				CLANG_WARN_BOOL_CONVERSION = YES;
				CLANG_WARN_CONSTANT_CONVERSION = YES;
				CLANG_WARN_DIRECT_OBJC_ISA_USAGE = YES_ERROR;
				CLANG_WARN_DOCUMENTATION_COMMENTS = YES;
				CLANG_WARN_EMPTY_BODY = YES;
				CLANG_WARN_ENUM_CONVERSION = YES;
				CLANG_WARN_INFINITE_RECURSION = YES;
				CLANG_WARN_INT_CONVERSION = YES;
				CLANG_WARN_OBJC_ROOT_CLASS = YES_ERROR;
				CLANG_WARN_SUSPICIOUS_MOVE = YES;
				CLANG_WARN_UNREACHABLE_CODE = YES;
				CLANG_WARN__DUPLICATE_METHOD_MATCH = YES;
				CODE_SIGN_IDENTITY = "-";
				COPY_PHASE_STRIP = NO;
				DEBUG_INFORMATION_FORMAT = "dwarf-with-dsym";
				ENABLE_NS_ASSERTIONS = NO;
				ENABLE_STRICT_OBJC_MSGSEND = YES;
				GCC_C_LANGUAGE_STANDARD = gnu99;
				GCC_NO_COMMON_BLOCKS = YES;
				GCC_WARN_64_TO_32_BIT_CONVERSION = YES;
				GCC_WARN_ABOUT_RETURN_TYPE = YES_ERROR;
				GCC_WARN_UNDECLARED_SELECTOR = YES;
				GCC_WARN_UNINITIALIZED_AUTOS = YES_AGGRESSIVE;
				GCC_WARN_UNUSED_FUNCTION = YES;
				GCC_WARN_UNUSED_VARIABLE = YES;
				MACOSX_DEPLOYMENT_TARGET = 10.12;
				MTL_ENABLE_DEBUG_INFO = NO;
				SDKROOT = macosx;
			};
			name = Release;
		};
		CDED29A51E65E30C00DE52D5 /* Debug */ = {
			isa = XCBuildConfiguration;
			buildSettings = {
				ASSETCATALOG_COMPILER_APPICON_NAME = AppIcon;
				COMBINE_HIDPI_IMAGES = YES;
				INFOPLIST_FILE = TahDoodle/Info.plist;
				LD_RUNPATH_SEARCH_PATHS = "$(inherited) @executable_path/../Frameworks";
				MACOSX_DEPLOYMENT_TARGET = 10.11;
				PRODUCT_BUNDLE_IDENTIFIER = com.bignerdranch.TahDoodle;
				PRODUCT_NAME = "$(TARGET_NAME)";
			};
			name = Debug;
		};
		CDED29A61E65E30C00DE52D5 /* Release */ = {
			isa = XCBuildConfiguration;
			buildSettings = {
				ASSETCATALOG_COMPILER_APPICON_NAME = AppIcon;
				COMBINE_HIDPI_IMAGES = YES;
				INFOPLIST_FILE = TahDoodle/Info.plist;
				LD_RUNPATH_SEARCH_PATHS = "$(inherited) @executable_path/../Frameworks";
				MACOSX_DEPLOYMENT_TARGET = 10.11;
				PRODUCT_BUNDLE_IDENTIFIER = com.bignerdranch.TahDoodle;
				PRODUCT_NAME = "$(TARGET_NAME)";
			};
			name = Release;
		};
/* End XCBuildConfiguration section */

/* Begin XCConfigurationList section */
		CDED29881E65E30C00DE52D5 /* Build configuration list for PBXProject "TahDoodle" */ = {
			isa = XCConfigurationList;
			buildConfigurations = (
				CDED29A21E65E30C00DE52D5 /* Debug */,
				CDED29A31E65E30C00DE52D5 /* Release */,
			);
			defaultConfigurationIsVisible = 0;
			defaultConfigurationName = Release;
		};
		CDED29A41E65E30C00DE52D5 /* Build configuration list for PBXNativeTarget "TahDoodle" */ = {
			isa = XCConfigurationList;
			buildConfigurations = (
				CDED29A51E65E30C00DE52D5 /* Debug */,
				CDED29A61E65E30C00DE52D5 /* Release */,
			);
			defaultConfigurationIsVisible = 0;
			defaultConfigurationName = Release;
		};
/* End XCConfigurationList section */
	};
	rootObject = CDED29851E65E30C00DE52D5 /* Project object */;
}
