// !$*UTF8*$!
{
	archiveVersion = 1;
	classes = {
	};
	objectVersion = 46;
	objects = {

/* Begin PBXBuildFile section */
		CD62BFB31EE79178007B29D2 /* main.m in Sources */ = {isa = PBXBuildFile; fileRef = CD62BFB21EE79178007B29D2 /* main.m */; };
		CD62BFBB1EE792C6007B29D2 /* NSData+Speakable.m in Sources */ = {isa = PBXBuildFile; fileRef = CD62BFBA1EE792C6007B29D2 /* NSData+Speakable.m */; };
/* End PBXBuildFile section */

/* Begin PBXCopyFilesBuildPhase section */
		CD62BFAD1EE79178007B29D2 /* CopyFiles */ = {
			isa = PBXCopyFilesBuildPhase;
			buildActionMask = 2147483647;
			dstPath = /usr/share/man/man1/;
			dstSubfolderSpec = 0;
			files = (
			);
			runOnlyForDeploymentPostprocessing = 1;
		};
/* End PBXCopyFilesBuildPhase section */

/* Begin PBXFileReference section */
		CD62BFAF1EE79178007B29D2 /* Challenge_Chapter40 */ = {isa = PBXFileReference; explicitFileType = "compiled.mach-o.executable"; includeInIndex = 0; path = Challenge_Chapter40; sourceTree = BUILT_PRODUCTS_DIR; };
		CD62BFB21EE79178007B29D2 /* main.m */ = {isa = PBXFileReference; lastKnownFileType = sourcecode.c.objc; path = main.m; sourceTree = "<group>"; };
		CD62BFB91EE792C6007B29D2 /* NSData+Speakable.h */ = {isa = PBXFileReference; fileEncoding = 4; lastKnownFileType = sourcecode.c.h; path = "NSData+Speakable.h"; sourceTree = "<group>"; };
		CD62BFBA1EE792C6007B29D2 /* NSData+Speakable.m */ = {isa = PBXFileReference; fileEncoding = 4; lastKnownFileType = sourcecode.c.objc; path = "NSData+Speakable.m"; sourceTree = "<group>"; };
/* End PBXFileReference section */

/* Begin PBXFrameworksBuildPhase section */
		CD62BFAC1EE79178007B29D2 /* Frameworks */ = {
			isa = PBXFrameworksBuildPhase;
			buildActionMask = 2147483647;
			files = (
			);
			runOnlyForDeploymentPostprocessing = 0;
		};
/* End PBXFrameworksBuildPhase section */

/* Begin PBXGroup section */
		CD62BFA61EE79178007B29D2 = {
			isa = PBXGroup;
			children = (
				CD62BFB11EE79178007B29D2 /* Challenge_Chapter40 */,
				CD62BFB01EE79178007B29D2 /* Products */,
			);
			sourceTree = "<group>";
		};
		CD62BFB01EE79178007B29D2 /* Products */ = {
			isa = PBXGroup;
			children = (
				CD62BFAF1EE79178007B29D2 /* Challenge_Chapter40 */,
			);
			name = Products;
			sourceTree = "<group>";
		};
		CD62BFB11EE79178007B29D2 /* Challenge_Chapter40 */ = {
			isa = PBXGroup;
			children = (
				CD62BFB21EE79178007B29D2 /* main.m */,
				CD62BFB91EE792C6007B29D2 /* NSData+Speakable.h */,
				CD62BFBA1EE792C6007B29D2 /* NSData+Speakable.m */,
			);
			path = Challenge_Chapter40;
			sourceTree = "<group>";
		};
/* End PBXGroup section */

/* Begin PBXNativeTarget section */
		CD62BFAE1EE79178007B29D2 /* Challenge_Chapter40 */ = {
			isa = PBXNativeTarget;
			buildConfigurationList = CD62BFB61EE79178007B29D2 /* Build configuration list for PBXNativeTarget "Challenge_Chapter40" */;
			buildPhases = (
				CD62BFAB1EE79178007B29D2 /* Sources */,
				CD62BFAC1EE79178007B29D2 /* Frameworks */,
				CD62BFAD1EE79178007B29D2 /* CopyFiles */,
			);
			buildRules = (
			);
			dependencies = (
			);
			name = Challenge_Chapter40;
			productName = Challenge_Chapter40;
			productReference = CD62BFAF1EE79178007B29D2 /* Challenge_Chapter40 */;
			productType = "com.apple.product-type.tool";
		};
/* End PBXNativeTarget section */

/* Begin PBXProject section */
		CD62BFA71EE79178007B29D2 /* Project object */ = {
			isa = PBXProject;
			attributes = {
				LastUpgradeCheck = 0820;
				ORGANIZATIONNAME = "Big Nerd Ranch";
				TargetAttributes = {
					CD62BFAE1EE79178007B29D2 = {
						CreatedOnToolsVersion = 8.2.1;
						ProvisioningStyle = Automatic;
					};
				};
			};
			buildConfigurationList = CD62BFAA1EE79178007B29D2 /* Build configuration list for PBXProject "Challenge_Chapter40" */;
			compatibilityVersion = "Xcode 3.2";
			developmentRegion = English;
			hasScannedForEncodings = 0;
			knownRegions = (
				en,
			);
			mainGroup = CD62BFA61EE79178007B29D2;
			productRefGroup = CD62BFB01EE79178007B29D2 /* Products */;
			projectDirPath = "";
			projectRoot = "";
			targets = (
				CD62BFAE1EE79178007B29D2 /* Challenge_Chapter40 */,
			);
		};
/* End PBXProject section */

/* Begin PBXSourcesBuildPhase section */
		CD62BFAB1EE79178007B29D2 /* Sources */ = {
			isa = PBXSourcesBuildPhase;
			buildActionMask = 2147483647;
			files = (
				CD62BFB31EE79178007B29D2 /* main.m in Sources */,
				CD62BFBB1EE792C6007B29D2 /* NSData+Speakable.m in Sources */,
			);
			runOnlyForDeploymentPostprocessing = 0;
		};
/* End PBXSourcesBuildPhase section */

/* Begin XCBuildConfiguration section */
		CD62BFB41EE79178007B29D2 /* Debug */ = {
			isa = XCBuildConfiguration;
			buildSettings = {
				ALWAYS_SEARCH_USER_PATHS = NO;
				CLANG_ANALYZER_NONNULL = YES;
				CLANG_CXX_LANGUAGE_STANDARD = "gnu++0x";
				CLANG_CXX_LIBRARY = "libc++";
				CLANG_ENABLE_MODULES = YES;
				CLANG_ENABLE_OBJC_ARC = YES;
				CLANG_WARN_BOOL_CONVERSION = YES;
				CLANG_WARN_CONSTANT_CONVERSION = YES;
				CLANG_WARN_DIRECT_OBJC_ISA_USAGE = YES_ERROR;
				CLANG_WARN_DOCUMENTATION_COMMENTS = YES;
				CLANG_WARN_EMPTY_BODY = YES;
				CLANG_WARN_ENUM_CONVERSION = YES;
				CLANG_WARN_INFINITE_RECURSION = YES;
				CLANG_WARN_INT_CONVERSION = YES;
				CLANG_WARN_OBJC_ROOT_CLASS = YES_ERROR;
				CLANG_WARN_SUSPICIOUS_MOVE = YES;
				CLANG_WARN_UNREACHABLE_CODE = YES;
				CLANG_WARN__DUPLICATE_METHOD_MATCH = YES;
				CODE_SIGN_IDENTITY = "-";
				COPY_PHASE_STRIP = NO;
				DEBUG_INFORMATION_FORMAT = dwarf;
				ENABLE_STRICT_OBJC_MSGSEND = YES;
				ENABLE_TESTABILITY = YES;
				GCC_C_LANGUAGE_STANDARD = gnu99;
				GCC_DYNAMIC_NO_PIC = NO;
				GCC_NO_COMMON_BLOCKS = YES;
				GCC_OPTIMIZATION_LEVEL = 0;
				GCC_PREPROCESSOR_DEFINITIONS = (
					"DEBUG=1",
					"$(inherited)",
				);
				GCC_WARN_64_TO_32_BIT_CONVERSION = YES;
				GCC_WARN_ABOUT_RETURN_TYPE = YES_ERROR;
				GCC_WARN_UNDECLARED_SELECTOR = YES;
				GCC_WARN_UNINITIALIZED_AUTOS = YES_AGGRESSIVE;
				GCC_WARN_UNUSED_FUNCTION = YES;
				GCC_WARN_UNUSED_VARIABLE = YES;
				MACOSX_DEPLOYMENT_TARGET = 10.11;
				MTL_ENABLE_DEBUG_INFO = YES;
				ONLY_ACTIVE_ARCH = YES;
				SDKROOT = macosx;
			};
			name = Debug;
		};
		CD62BFB51EE79178007B29D2 /* Release */ = {
			isa = XCBuildConfiguration;
			buildSettings = {
				ALWAYS_SEARCH_USER_PATHS = NO;
				CLANG_ANALYZER_NONNULL = YES;
				CLANG_CXX_LANGUAGE_STANDARD = "gnu++0x";
				CLANG_CXX_LIBRARY = "libc++";
				CLANG_ENABLE_MODULES = YES;
				CLANG_ENABLE_OBJC_ARC = YES;
				CLANG_WARN_BOOL_CONVERSION = YES;
				CLANG_WARN_CONSTANT_CONVERSION = YES;
				CLANG_WARN_DIRECT_OBJC_ISA_USAGE = YES_ERROR;
				CLANG_WARN_DOCUMENTATION_COMMENTS = YES;
				CLANG_WARN_EMPTY_BODY = YES;
				CLANG_WARN_ENUM_CONVERSION = YES;
				CLANG_WARN_INFINITE_RECURSION = YES;
				CLANG_WARN_INT_CONVERSION = YES;
				CLANG_WARN_OBJC_ROOT_CLASS = YES_ERROR;
				CLANG_WARN_SUSPICIOUS_MOVE = YES;
				CLANG_WARN_UNREACHABLE_CODE = YES;
				CLANG_WARN__DUPLICATE_METHOD_MATCH = YES;
				CODE_SIGN_IDENTITY = "-";
				COPY_PHASE_STRIP = NO;
				DEBUG_INFORMATION_FORMAT = "dwarf-with-dsym";
				ENABLE_NS_ASSERTIONS = NO;
				ENABLE_STRICT_OBJC_MSGSEND = YES;
				GCC_C_LANGUAGE_STANDARD = gnu99;
				GCC_NO_COMMON_BLOCKS = YES;
				GCC_WARN_64_TO_32_BIT_CONVERSION = YES;
				GCC_WARN_ABOUT_RETURN_TYPE = YES_ERROR;
				GCC_WARN_UNDECLARED_SELECTOR = YES;
				GCC_WARN_UNINITIALIZED_AUTOS = YES_AGGRESSIVE;
				GCC_WARN_UNUSED_FUNCTION = YES;
				GCC_WARN_UNUSED_VARIABLE = YES;
				MACOSX_DEPLOYMENT_TARGET = 10.11;
				MTL_ENABLE_DEBUG_INFO = NO;
				SDKROOT = macosx;
			};
			name = Release;
		};
		CD62BFB71EE79178007B29D2 /* Debug */ = {
			isa = XCBuildConfiguration;
			buildSettings = {
				PRODUCT_NAME = "$(TARGET_NAME)";
			};
			name = Debug;
		};
		CD62BFB81EE79178007B29D2 /* Release */ = {
			isa = XCBuildConfiguration;
			buildSettings = {
				PRODUCT_NAME = "$(TARGET_NAME)";
			};
			name = Release;
		};
/* End XCBuildConfiguration section */

/* Begin XCConfigurationList section */
		CD62BFAA1EE79178007B29D2 /* Build configuration list for PBXProject "Challenge_Chapter40" */ = {
			isa = XCConfigurationList;
			buildConfigurations = (
				CD62BFB41EE79178007B29D2 /* Debug */,
				CD62BFB51EE79178007B29D2 /* Release */,
			);
			defaultConfigurationIsVisible = 0;
			defaultConfigurationName = Release;
		};
		CD62BFB61EE79178007B29D2 /* Build configuration list for PBXNativeTarget "Challenge_Chapter40" */ = {
			isa = XCConfigurationList;
			buildConfigurations = (
				CD62BFB71EE79178007B29D2 /* Debug */,
				CD62BFB81EE79178007B29D2 /* Release */,
			);
			defaultConfigurationIsVisible = 0;
		};
/* End XCConfigurationList section */
	};
	rootObject = CD62BFA71EE79178007B29D2 /* Project object */;
}
